
Microsoft Visual Studio Solution File, Format Version 12.00
# Visual Studio Version 16
VisualStudioVersion = 16.0.30523.141
MinimumVisualStudioVersion = 10.0.40219.1
Project("{FAE04EC0-301F-11D3-BF4B-00C04F79EFBC}") = "Calian_Claudiu_Lab8", "Calian_Claudiu_Lab8\Calian_Claudiu_Lab8.csproj", "{041AE5E7-6997-4BE3-993A-A96E04E4D324}"
EndProject
Global
	GlobalSection(SolutionConfigurationPlatforms) = preSolution
		Debug|Any CPU = Debug|Any CPU
		Release|Any CPU = Release|Any CPU
	EndGlobalSection
	GlobalSection(ProjectConfigurationPlatforms) = postSolution
		{041AE5E7-6997-4BE3-993A-A96E04E4D324}.Debug|Any CPU.ActiveCfg = Debug|Any CPU
		{041AE5E7-6997-4BE3-993A-A96E04E4D324}.Debug|Any CPU.Build.0 = Debug|Any CPU
		{041AE5E7-6997-4BE3-993A-A96E04E4D324}.Release|Any CPU.ActiveCfg = Release|Any CPU
		{041AE5E7-6997-4BE3-993A-A96E04E4D324}.Release|Any CPU.Build.0 = Release|Any CPU
	EndGlobalSection
	GlobalSection(SolutionProperties) = preSolution
		HideSolutionNode = FALSE
	EndGlobalSection
	GlobalSection(ExtensibilityGlobals) = postSolution
		SolutionGuid = {1495EC06-AC2C-40C6-8A41-B43BDBA263A3}
	EndGlobalSection
EndGlobal
